{
  "name": "miniprogram-dataprovider",
  "version": "0.0.5",
  "lockfileVersion": 1,
  "requires": true,
  "dependencies": {
    "miniprogram-cache": {
      "version": "0.0.5",
      "resolved": "https://registry.npmjs.org/miniprogram-cache/-/miniprogram-cache-0.0.5.tgz",
      "integrity": "sha512-0h37WVrWiwM9I4moUoje7ETO2hvkfhcxzcGsMqbrH1hn0xIOPvohAY6bzCiHgijcovPNML0wFF80hDJfoP7Yrg=="
    }
  }
}
