{
  "name": "miniprogram-dataprovider",
  "version": "0.0.10",
  "lockfileVersion": 1,
  "requires": true,
  "dependencies": {
    "miniprogram-cache": {
      "version": "0.0.9",
      "resolved": "https://registry.npmjs.org/miniprogram-cache/-/miniprogram-cache-0.0.9.tgz",
      "integrity": "sha512-Yhk/sZ/H7xzHCmTGdvKkO0bI6/yHx4HWOZnL5nYtPMg9JihDC5TU4e6QK8HRPHj4/iH6Jfq5ycHFULoCTfuxqg=="
    }
  }
}
